{
    "requires": true,
    "lockfileVersion": 1,
    "dependencies": {
        "laravel-echo": {
            "version": "1.16.1",
            "resolved": "https://registry.npmjs.org/laravel-echo/-/laravel-echo-1.16.1.tgz",
            "integrity": "sha512-++Ylb6M3ariC9Rk5WE5gZjj6wcEV5kvLF8b+geJ5/rRIfdoOA+eG6b9qJPrarMD9rY28Apx+l3eelIrCc2skVg=="
        }
    }
}
